{
    "_meta": {
        "hash": {
            "sha256": "66065d188f417117d4a7af396791b363e90bf0abe77d82366bb27f00671657cb"
        },
        "pipfile-spec": 6,
        "requires": {
            "python_version": "3.6"
        },
        "sources": [
            {
                "name": "pypi",
                "url": "https://pypi.org/simple",
                "verify_ssl": true
            }
        ]
    },
    "default": {
        "docopt": {
            "hashes": [
                "sha256:49b3a825280bd66b3aa83585ef59c4a8c82f2c8a522dbe754a8bc8d08c85c491"
            ],
            "index": "pypi",
            "version": "==0.6.2"
        },
        "getkey": {
            "hashes": [
                "sha256:68c7c702c3b34deacf427f6c0f1fd66c5c2aa12d7801aa32442fc1a71c8ce059"
            ],
            "index": "pypi",
            "version": "==0.6.5"
        }
    },
    "develop": {}
}
